
Microsoft Visual Studio Solution File, Format Version 12.00
# Visual Studio Version 16
VisualStudioVersion = 16.0.29025.244
MinimumVisualStudioVersion = 10.0.40219.1
Project("{FAE04EC0-301F-11D3-BF4B-00C04F79EFBC}") = "Api", "Api\Api.csproj", "{D8BDC8ED-1016-45AE-8EE3-06570160EFD1}"
EndProject
Global
	GlobalSection(SolutionConfigurationPlatforms) = preSolution
		Debug|Any CPU = Debug|Any CPU
		Release|Any CPU = Release|Any CPU
	EndGlobalSection
	GlobalSection(ProjectConfigurationPlatforms) = postSolution
		{D8BDC8ED-1016-45AE-8EE3-06570160EFD1}.Debug|Any CPU.ActiveCfg = Debug|Any CPU
		{D8BDC8ED-1016-45AE-8EE3-06570160EFD1}.Debug|Any CPU.Build.0 = Debug|Any CPU
		{D8BDC8ED-1016-45AE-8EE3-06570160EFD1}.Release|Any CPU.ActiveCfg = Release|Any CPU
		{D8BDC8ED-1016-45AE-8EE3-06570160EFD1}.Release|Any CPU.Build.0 = Release|Any CPU
	EndGlobalSection
	GlobalSection(SolutionProperties) = preSolution
		HideSolutionNode = FALSE
	EndGlobalSection
	GlobalSection(ExtensibilityGlobals) = postSolution
		SolutionGuid = {0F00B706-BA38-4099-AD9B-810205DC79CA}
	EndGlobalSection
EndGlobal
