
Microsoft Visual Studio Solution File, Format Version 12.00
# Visual Studio Version 16
VisualStudioVersion = 16.0.29025.244
MinimumVisualStudioVersion = 10.0.40219.1
Project("{9A19103F-16F7-4668-BE54-9A1E7A4F7556}") = "Api", "Api\Api.csproj", "{D8BDC8ED-1016-45AE-8EE3-06570160EFD1}"
EndProject
Project("{9A19103F-16F7-4668-BE54-9A1E7A4F7556}") = "Contracts", "Contracts\Contracts.csproj", "{958CBC17-CAB2-4253-A16D-3FF01E43312B}"
EndProject
Project("{9A19103F-16F7-4668-BE54-9A1E7A4F7556}") = "Factory", "Factory\Factory.csproj", "{E586BBF6-2C5D-4916-A3E7-998B8B627346}"
EndProject
Project("{9A19103F-16F7-4668-BE54-9A1E7A4F7556}") = "BD", "BD\BD.csproj", "{CDD92CE9-8507-408B-B072-B7CF899062DC}"
EndProject
Project("{2150E333-8FDC-42A3-9474-1A3956D46DE8}") = "Solution Items", "Solution Items", "{B8D72430-AAA5-4930-B290-771B68B973B1}"
	ProjectSection(SolutionItems) = preProject
		README.md = README.md
	EndProjectSection
EndProject
Global
	GlobalSection(SolutionConfigurationPlatforms) = preSolution
		Debug|Any CPU = Debug|Any CPU
		Release|Any CPU = Release|Any CPU
	EndGlobalSection
	GlobalSection(ProjectConfigurationPlatforms) = postSolution
		{D8BDC8ED-1016-45AE-8EE3-06570160EFD1}.Debug|Any CPU.ActiveCfg = Debug|Any CPU
		{D8BDC8ED-1016-45AE-8EE3-06570160EFD1}.Debug|Any CPU.Build.0 = Debug|Any CPU
		{D8BDC8ED-1016-45AE-8EE3-06570160EFD1}.Release|Any CPU.ActiveCfg = Release|Any CPU
		{D8BDC8ED-1016-45AE-8EE3-06570160EFD1}.Release|Any CPU.Build.0 = Release|Any CPU
		{958CBC17-CAB2-4253-A16D-3FF01E43312B}.Debug|Any CPU.ActiveCfg = Debug|Any CPU
		{958CBC17-CAB2-4253-A16D-3FF01E43312B}.Debug|Any CPU.Build.0 = Debug|Any CPU
		{958CBC17-CAB2-4253-A16D-3FF01E43312B}.Release|Any CPU.ActiveCfg = Release|Any CPU
		{958CBC17-CAB2-4253-A16D-3FF01E43312B}.Release|Any CPU.Build.0 = Release|Any CPU
		{E586BBF6-2C5D-4916-A3E7-998B8B627346}.Debug|Any CPU.ActiveCfg = Debug|Any CPU
		{E586BBF6-2C5D-4916-A3E7-998B8B627346}.Debug|Any CPU.Build.0 = Debug|Any CPU
		{E586BBF6-2C5D-4916-A3E7-998B8B627346}.Release|Any CPU.ActiveCfg = Release|Any CPU
		{E586BBF6-2C5D-4916-A3E7-998B8B627346}.Release|Any CPU.Build.0 = Release|Any CPU
		{CDD92CE9-8507-408B-B072-B7CF899062DC}.Debug|Any CPU.ActiveCfg = Debug|Any CPU
		{CDD92CE9-8507-408B-B072-B7CF899062DC}.Debug|Any CPU.Build.0 = Debug|Any CPU
		{CDD92CE9-8507-408B-B072-B7CF899062DC}.Release|Any CPU.ActiveCfg = Release|Any CPU
		{CDD92CE9-8507-408B-B072-B7CF899062DC}.Release|Any CPU.Build.0 = Release|Any CPU
	EndGlobalSection
	GlobalSection(SolutionProperties) = preSolution
		HideSolutionNode = FALSE
	EndGlobalSection
	GlobalSection(ExtensibilityGlobals) = postSolution
		SolutionGuid = {0F00B706-BA38-4099-AD9B-810205DC79CA}
	EndGlobalSection
EndGlobal
